<?xml version="1.0" encoding="utf-8"?>
<Project ToolsVersion="15.0" xmlns="http://schemas.microsoft.com/developer/msbuild/2003">
  <ItemGroup>
    <ClCompile Include="C:\Users\cagla\Documents\QtProjects\MyQtTryouts\QtLayouts\VSProjects\MiracleLayout_autogen\mocs_compilation.cpp">
      <Filter>Source Files</Filter>
    </ClCompile>
    <ClCompile Include="C:\Users\cagla\Documents\QtProjects\MyQtTryouts\QtLayouts\main.cpp">
      <Filter>Source Files</Filter>
    </ClCompile>
    <ClCompile Include="C:\Users\cagla\Documents\QtProjects\MyQtTryouts\QtLayouts\View\mainwindow.cpp">
      <Filter>Source Files</Filter>
    </ClCompile>
    <ClCompile Include="C:\Users\cagla\Documents\QtProjects\MyQtTryouts\QtLayouts\View\basewindow.cpp">
      <Filter>Source Files</Filter>
    </ClCompile>
    <ClCompile Include="C:\Users\cagla\Documents\QtProjects\MyQtTryouts\QtLayouts\Model\provider.cpp">
      <Filter>Source Files</Filter>
    </ClCompile>
    <ClCompile Include="C:\Users\cagla\Documents\QtProjects\MyQtTryouts\QtLayouts\Model\settings.cpp">
      <Filter>Source Files</Filter>
    </ClCompile>
    <ClCompile Include="C:\Users\cagla\Documents\QtProjects\MyQtTryouts\QtLayouts\Model\logger.cpp">
      <Filter>Source Files</Filter>
    </ClCompile>
    <ClCompile Include="C:\Users\cagla\Documents\QtProjects\MyQtTryouts\QtLayouts\ViewModel\mainviewmanager.cpp">
      <Filter>Source Files</Filter>
    </ClCompile>
    <ClCompile Include="C:\Users\cagla\Documents\QtProjects\MyQtTryouts\QtLayouts\startup.cpp">
      <Filter>Source Files</Filter>
    </ClCompile>
    <ClCompile Include="C:\Users\cagla\Documents\QtProjects\MyQtTryouts\QtLayouts\utils.cpp">
      <Filter>Source Files</Filter>
    </ClCompile>
    <ClCompile Include="C:\Users\cagla\Documents\QtProjects\MyQtTryouts\QtLayouts\VSProjects\MiracleLayout_autogen\EWIEGA46WW\qrc_resource.cpp">
      <Filter>Source Files</Filter>
    </ClCompile>
  </ItemGroup>
  <ItemGroup>
    <ClInclude Include="C:\Users\cagla\Documents\QtProjects\MyQtTryouts\QtLayouts\View\mainwindow.h">
      <Filter>Header Files</Filter>
    </ClInclude>
    <ClInclude Include="C:\Users\cagla\Documents\QtProjects\MyQtTryouts\QtLayouts\View\basewindow.h">
      <Filter>Header Files</Filter>
    </ClInclude>
    <ClInclude Include="C:\Users\cagla\Documents\QtProjects\MyQtTryouts\QtLayouts\Model\provider.h">
      <Filter>Header Files</Filter>
    </ClInclude>
    <ClInclude Include="C:\Users\cagla\Documents\QtProjects\MyQtTryouts\QtLayouts\Model\settings.h">
      <Filter>Header Files</Filter>
    </ClInclude>
    <ClInclude Include="C:\Users\cagla\Documents\QtProjects\MyQtTryouts\QtLayouts\Model\logger.h">
      <Filter>Header Files</Filter>
    </ClInclude>
    <ClInclude Include="C:\Users\cagla\Documents\QtProjects\MyQtTryouts\QtLayouts\ViewModel\mainviewmanager.h">
      <Filter>Header Files</Filter>
    </ClInclude>
    <ClInclude Include="C:\Users\cagla\Documents\QtProjects\MyQtTryouts\QtLayouts\startup.h">
      <Filter>Header Files</Filter>
    </ClInclude>
    <ClInclude Include="C:\Users\cagla\Documents\QtProjects\MyQtTryouts\QtLayouts\utils.h">
      <Filter>Header Files</Filter>
    </ClInclude>
  </ItemGroup>
  <ItemGroup>
    <CustomBuild Include="C:\Users\cagla\Documents\QtProjects\MyQtTryouts\QtLayouts\VSProjects\CMakeFiles\13306e1728cd049998f377b9b0947e65\tr_TR.ts.rule">
      <Filter>CMake Rules</Filter>
    </CustomBuild>
    <CustomBuild Include="C:\Users\cagla\Documents\QtProjects\MyQtTryouts\QtLayouts\VSProjects\CMakeFiles\5c06f42680fe78276f7258fdc3b5d25a\tr_TR.qm.rule">
      <Filter>CMake Rules</Filter>
    </CustomBuild>
    <CustomBuild Include="C:\Users\cagla\Documents\QtProjects\MyQtTryouts\QtLayouts\VSProjects\CMakeFiles\13306e1728cd049998f377b9b0947e65\en_US.ts.rule">
      <Filter>CMake Rules</Filter>
    </CustomBuild>
    <CustomBuild Include="C:\Users\cagla\Documents\QtProjects\MyQtTryouts\QtLayouts\VSProjects\CMakeFiles\5c06f42680fe78276f7258fdc3b5d25a\en_US.qm.rule">
      <Filter>CMake Rules</Filter>
    </CustomBuild>
    <CustomBuild Include="C:\Users\cagla\Documents\QtProjects\MyQtTryouts\QtLayouts\VSProjects\CMakeFiles\ec597687f9ce99c33f43f6fd353ce410\qrc_resource.cpp.rule">
      <Filter>CMake Rules</Filter>
    </CustomBuild>
    <CustomBuild Include="C:\Users\cagla\Documents\QtProjects\MyQtTryouts\QtLayouts\CMakeLists.txt" />
  </ItemGroup>
  <ItemGroup>
    <None Include="C:\Users\cagla\Documents\QtProjects\MyQtTryouts\QtLayouts\View\mainwindow.ui" />
    <None Include="C:\Users\cagla\Documents\QtProjects\MyQtTryouts\QtLayouts\resource.qrc" />
    <None Include="C:\Users\cagla\Documents\QtProjects\MyQtTryouts\QtLayouts\VSProjects\tr_TR.qm" />
    <None Include="C:\Users\cagla\Documents\QtProjects\MyQtTryouts\QtLayouts\VSProjects\en_US.qm" />
  </ItemGroup>
  <ItemGroup>
    <Filter Include="CMake Rules">
      <UniqueIdentifier>{6BF9A00D-DA03-3159-A89D-344783790256}</UniqueIdentifier>
    </Filter>
    <Filter Include="Header Files">
      <UniqueIdentifier>{78102AA3-DA2F-38CE-BD82-87157C58B0DD}</UniqueIdentifier>
    </Filter>
    <Filter Include="Source Files">
      <UniqueIdentifier>{D562ABD2-D73B-3C9B-8B58-13AF150FF503}</UniqueIdentifier>
    </Filter>
  </ItemGroup>
</Project>
