Microsoft Visual Studio Solution File, Format Version 12.00
# Visual Studio 15
Project("{8BC9CEB8-8B4A-11D0-8D11-00A0C91BC942}") = "ALL_BUILD", "ALL_BUILD.vcxproj", "{CB4961DE-D6A6-365F-8964-52FCC4A636CA}"
	ProjectSection(ProjectDependencies) = postProject
		{C62D4BB0-8500-3C47-9A66-3925669802F9} = {C62D4BB0-8500-3C47-9A66-3925669802F9}
		{6079ED70-69C5-3DBE-97DB-5C5B56FEB4A8} = {6079ED70-69C5-3DBE-97DB-5C5B56FEB4A8}
	EndProjectSection
EndProject
Project("{8BC9CEB8-8B4A-11D0-8D11-00A0C91BC942}") = "MiracleLayout", "MiracleLayout.vcxproj", "{C62D4BB0-8500-3C47-9A66-3925669802F9}"
	ProjectSection(ProjectDependencies) = postProject
		{6079ED70-69C5-3DBE-97DB-5C5B56FEB4A8} = {6079ED70-69C5-3DBE-97DB-5C5B56FEB4A8}
	EndProjectSection
EndProject
Project("{8BC9CEB8-8B4A-11D0-8D11-00A0C91BC942}") = "ZERO_CHECK", "ZERO_CHECK.vcxproj", "{6079ED70-69C5-3DBE-97DB-5C5B56FEB4A8}"
	ProjectSection(ProjectDependencies) = postProject
	EndProjectSection
EndProject
Project("{8BC9CEB8-8B4A-11D0-8D11-00A0C91BC942}") = "translations", "translations.vcxproj", "{0C884B5E-1547-3DA0-B82F-853AD2ABEAA3}"
	ProjectSection(ProjectDependencies) = postProject
		{6079ED70-69C5-3DBE-97DB-5C5B56FEB4A8} = {6079ED70-69C5-3DBE-97DB-5C5B56FEB4A8}
	EndProjectSection
EndProject
Global
	GlobalSection(SolutionConfigurationPlatforms) = preSolution
		Debug|x64 = Debug|x64
		Release|x64 = Release|x64
		MinSizeRel|x64 = MinSizeRel|x64
		RelWithDebInfo|x64 = RelWithDebInfo|x64
	EndGlobalSection
	GlobalSection(ProjectConfigurationPlatforms) = postSolution
		{CB4961DE-D6A6-365F-8964-52FCC4A636CA}.Debug|x64.ActiveCfg = Debug|x64
		{CB4961DE-D6A6-365F-8964-52FCC4A636CA}.Release|x64.ActiveCfg = Release|x64
		{CB4961DE-D6A6-365F-8964-52FCC4A636CA}.MinSizeRel|x64.ActiveCfg = MinSizeRel|x64
		{CB4961DE-D6A6-365F-8964-52FCC4A636CA}.RelWithDebInfo|x64.ActiveCfg = RelWithDebInfo|x64
		{C62D4BB0-8500-3C47-9A66-3925669802F9}.Debug|x64.ActiveCfg = Debug|x64
		{C62D4BB0-8500-3C47-9A66-3925669802F9}.Debug|x64.Build.0 = Debug|x64
		{C62D4BB0-8500-3C47-9A66-3925669802F9}.Release|x64.ActiveCfg = Release|x64
		{C62D4BB0-8500-3C47-9A66-3925669802F9}.Release|x64.Build.0 = Release|x64
		{C62D4BB0-8500-3C47-9A66-3925669802F9}.MinSizeRel|x64.ActiveCfg = MinSizeRel|x64
		{C62D4BB0-8500-3C47-9A66-3925669802F9}.MinSizeRel|x64.Build.0 = MinSizeRel|x64
		{C62D4BB0-8500-3C47-9A66-3925669802F9}.RelWithDebInfo|x64.ActiveCfg = RelWithDebInfo|x64
		{C62D4BB0-8500-3C47-9A66-3925669802F9}.RelWithDebInfo|x64.Build.0 = RelWithDebInfo|x64
		{6079ED70-69C5-3DBE-97DB-5C5B56FEB4A8}.Debug|x64.ActiveCfg = Debug|x64
		{6079ED70-69C5-3DBE-97DB-5C5B56FEB4A8}.Debug|x64.Build.0 = Debug|x64
		{6079ED70-69C5-3DBE-97DB-5C5B56FEB4A8}.Release|x64.ActiveCfg = Release|x64
		{6079ED70-69C5-3DBE-97DB-5C5B56FEB4A8}.Release|x64.Build.0 = Release|x64
		{6079ED70-69C5-3DBE-97DB-5C5B56FEB4A8}.MinSizeRel|x64.ActiveCfg = MinSizeRel|x64
		{6079ED70-69C5-3DBE-97DB-5C5B56FEB4A8}.MinSizeRel|x64.Build.0 = MinSizeRel|x64
		{6079ED70-69C5-3DBE-97DB-5C5B56FEB4A8}.RelWithDebInfo|x64.ActiveCfg = RelWithDebInfo|x64
		{6079ED70-69C5-3DBE-97DB-5C5B56FEB4A8}.RelWithDebInfo|x64.Build.0 = RelWithDebInfo|x64
		{0C884B5E-1547-3DA0-B82F-853AD2ABEAA3}.Debug|x64.ActiveCfg = Debug|x64
		{0C884B5E-1547-3DA0-B82F-853AD2ABEAA3}.Release|x64.ActiveCfg = Release|x64
		{0C884B5E-1547-3DA0-B82F-853AD2ABEAA3}.MinSizeRel|x64.ActiveCfg = MinSizeRel|x64
		{0C884B5E-1547-3DA0-B82F-853AD2ABEAA3}.RelWithDebInfo|x64.ActiveCfg = RelWithDebInfo|x64
	EndGlobalSection
	GlobalSection(ExtensibilityGlobals) = postSolution
		SolutionGuid = {8128E615-2C7E-3D16-B82E-3CCB3587A7A3}
	EndGlobalSection
	GlobalSection(ExtensibilityAddIns) = postSolution
	EndGlobalSection
EndGlobal
